
Microsoft Visual Studio Solution File, Format Version 12.00
# Visual Studio Version 16
VisualStudioVersion = 16.6.30114.105
MinimumVisualStudioVersion = 10.0.40219.1
Project("{FAE04EC0-301F-11D3-BF4B-00C04F79EFBC}") = "Howler.Services", "Howler.Services\Howler.Services.csproj", "{11A0E505-423A-44B6-BA2A-F6362908C8A3}"
EndProject
Project("{FAE04EC0-301F-11D3-BF4B-00C04F79EFBC}") = "Howler.App", "Howler.App\Howler.App.csproj", "{A1B62872-5CD6-4B5C-96B3-0E526E00DA3F}"
EndProject
Project("{FAE04EC0-301F-11D3-BF4B-00C04F79EFBC}") = "Howler.Database", "Howler.Database\Howler.Database.csproj", "{39A80063-5507-432F-B2FD-D5AFA83E5A20}"
EndProject
Project("{FAE04EC0-301F-11D3-BF4B-00C04F79EFBC}") = "Howler.Services.Tests", "Howler.Services.Tests\Howler.Services.Tests.csproj", "{06F8D806-AF7B-4014-8519-51E39EA7CF57}"
EndProject
Project("{FAE04EC0-301F-11D3-BF4B-00C04F79EFBC}") = "Howler.QRShuttle", "Howler.QRShuttle\Howler.QRShuttle.csproj", "{CD26DA01-1B1E-422A-B5D1-3ACA8869B8DF}"
EndProject
Project("{FAE04EC0-301F-11D3-BF4B-00C04F79EFBC}") = "Howler.QRShuttle.Tests", "Howler.QRShuttle.Tests\Howler.QRShuttle.Tests.csproj", "{FE78B5AD-13B8-4C75-A95F-7BFBBCD9FC59}"
EndProject
Project("{FAE04EC0-301F-11D3-BF4B-00C04F79EFBC}") = "Howler.AuthGateway", "Howler.AuthGateway\Howler.AuthGateway.csproj", "{312BF399-EE46-4444-88FC-670063E06175}"
EndProject
Project("{FAE04EC0-301F-11D3-BF4B-00C04F79EFBC}") = "Howler.AuthGateway.Tests", "Howler.AuthGateway.Tests\Howler.AuthGateway.Tests.csproj", "{3D0B88D0-C415-4346-BD44-39B1AEEA062D}"
EndProject
Global
	GlobalSection(SolutionConfigurationPlatforms) = preSolution
		Debug|Any CPU = Debug|Any CPU
		Debug|x64 = Debug|x64
		Debug|x86 = Debug|x86
		Release|Any CPU = Release|Any CPU
		Release|x64 = Release|x64
		Release|x86 = Release|x86
	EndGlobalSection
	GlobalSection(SolutionProperties) = preSolution
		HideSolutionNode = FALSE
	EndGlobalSection
	GlobalSection(ProjectConfigurationPlatforms) = postSolution
		{11A0E505-423A-44B6-BA2A-F6362908C8A3}.Debug|Any CPU.ActiveCfg = Debug|Any CPU
		{11A0E505-423A-44B6-BA2A-F6362908C8A3}.Debug|Any CPU.Build.0 = Debug|Any CPU
		{11A0E505-423A-44B6-BA2A-F6362908C8A3}.Debug|x64.ActiveCfg = Debug|Any CPU
		{11A0E505-423A-44B6-BA2A-F6362908C8A3}.Debug|x64.Build.0 = Debug|Any CPU
		{11A0E505-423A-44B6-BA2A-F6362908C8A3}.Debug|x86.ActiveCfg = Debug|Any CPU
		{11A0E505-423A-44B6-BA2A-F6362908C8A3}.Debug|x86.Build.0 = Debug|Any CPU
		{11A0E505-423A-44B6-BA2A-F6362908C8A3}.Release|Any CPU.ActiveCfg = Release|Any CPU
		{11A0E505-423A-44B6-BA2A-F6362908C8A3}.Release|Any CPU.Build.0 = Release|Any CPU
		{11A0E505-423A-44B6-BA2A-F6362908C8A3}.Release|x64.ActiveCfg = Release|Any CPU
		{11A0E505-423A-44B6-BA2A-F6362908C8A3}.Release|x64.Build.0 = Release|Any CPU
		{11A0E505-423A-44B6-BA2A-F6362908C8A3}.Release|x86.ActiveCfg = Release|Any CPU
		{11A0E505-423A-44B6-BA2A-F6362908C8A3}.Release|x86.Build.0 = Release|Any CPU
		{A1B62872-5CD6-4B5C-96B3-0E526E00DA3F}.Debug|Any CPU.ActiveCfg = Debug|Any CPU
		{A1B62872-5CD6-4B5C-96B3-0E526E00DA3F}.Debug|Any CPU.Build.0 = Debug|Any CPU
		{A1B62872-5CD6-4B5C-96B3-0E526E00DA3F}.Debug|x64.ActiveCfg = Debug|Any CPU
		{A1B62872-5CD6-4B5C-96B3-0E526E00DA3F}.Debug|x64.Build.0 = Debug|Any CPU
		{A1B62872-5CD6-4B5C-96B3-0E526E00DA3F}.Debug|x86.ActiveCfg = Debug|Any CPU
		{A1B62872-5CD6-4B5C-96B3-0E526E00DA3F}.Debug|x86.Build.0 = Debug|Any CPU
		{A1B62872-5CD6-4B5C-96B3-0E526E00DA3F}.Release|Any CPU.ActiveCfg = Release|Any CPU
		{A1B62872-5CD6-4B5C-96B3-0E526E00DA3F}.Release|Any CPU.Build.0 = Release|Any CPU
		{A1B62872-5CD6-4B5C-96B3-0E526E00DA3F}.Release|x64.ActiveCfg = Release|Any CPU
		{A1B62872-5CD6-4B5C-96B3-0E526E00DA3F}.Release|x64.Build.0 = Release|Any CPU
		{A1B62872-5CD6-4B5C-96B3-0E526E00DA3F}.Release|x86.ActiveCfg = Release|Any CPU
		{A1B62872-5CD6-4B5C-96B3-0E526E00DA3F}.Release|x86.Build.0 = Release|Any CPU
		{39A80063-5507-432F-B2FD-D5AFA83E5A20}.Debug|Any CPU.ActiveCfg = Debug|Any CPU
		{39A80063-5507-432F-B2FD-D5AFA83E5A20}.Debug|Any CPU.Build.0 = Debug|Any CPU
		{39A80063-5507-432F-B2FD-D5AFA83E5A20}.Debug|x64.ActiveCfg = Debug|Any CPU
		{39A80063-5507-432F-B2FD-D5AFA83E5A20}.Debug|x64.Build.0 = Debug|Any CPU
		{39A80063-5507-432F-B2FD-D5AFA83E5A20}.Debug|x86.ActiveCfg = Debug|Any CPU
		{39A80063-5507-432F-B2FD-D5AFA83E5A20}.Debug|x86.Build.0 = Debug|Any CPU
		{39A80063-5507-432F-B2FD-D5AFA83E5A20}.Release|Any CPU.ActiveCfg = Release|Any CPU
		{39A80063-5507-432F-B2FD-D5AFA83E5A20}.Release|Any CPU.Build.0 = Release|Any CPU
		{39A80063-5507-432F-B2FD-D5AFA83E5A20}.Release|x64.ActiveCfg = Release|Any CPU
		{39A80063-5507-432F-B2FD-D5AFA83E5A20}.Release|x64.Build.0 = Release|Any CPU
		{39A80063-5507-432F-B2FD-D5AFA83E5A20}.Release|x86.ActiveCfg = Release|Any CPU
		{39A80063-5507-432F-B2FD-D5AFA83E5A20}.Release|x86.Build.0 = Release|Any CPU
		{06F8D806-AF7B-4014-8519-51E39EA7CF57}.Debug|Any CPU.ActiveCfg = Debug|Any CPU
		{06F8D806-AF7B-4014-8519-51E39EA7CF57}.Debug|Any CPU.Build.0 = Debug|Any CPU
		{06F8D806-AF7B-4014-8519-51E39EA7CF57}.Debug|x64.ActiveCfg = Debug|Any CPU
		{06F8D806-AF7B-4014-8519-51E39EA7CF57}.Debug|x64.Build.0 = Debug|Any CPU
		{06F8D806-AF7B-4014-8519-51E39EA7CF57}.Debug|x86.ActiveCfg = Debug|Any CPU
		{06F8D806-AF7B-4014-8519-51E39EA7CF57}.Debug|x86.Build.0 = Debug|Any CPU
		{06F8D806-AF7B-4014-8519-51E39EA7CF57}.Release|Any CPU.ActiveCfg = Release|Any CPU
		{06F8D806-AF7B-4014-8519-51E39EA7CF57}.Release|Any CPU.Build.0 = Release|Any CPU
		{06F8D806-AF7B-4014-8519-51E39EA7CF57}.Release|x64.ActiveCfg = Release|Any CPU
		{06F8D806-AF7B-4014-8519-51E39EA7CF57}.Release|x64.Build.0 = Release|Any CPU
		{06F8D806-AF7B-4014-8519-51E39EA7CF57}.Release|x86.ActiveCfg = Release|Any CPU
		{06F8D806-AF7B-4014-8519-51E39EA7CF57}.Release|x86.Build.0 = Release|Any CPU
		{CD26DA01-1B1E-422A-B5D1-3ACA8869B8DF}.Debug|Any CPU.ActiveCfg = Debug|Any CPU
		{CD26DA01-1B1E-422A-B5D1-3ACA8869B8DF}.Debug|Any CPU.Build.0 = Debug|Any CPU
		{CD26DA01-1B1E-422A-B5D1-3ACA8869B8DF}.Debug|x64.ActiveCfg = Debug|Any CPU
		{CD26DA01-1B1E-422A-B5D1-3ACA8869B8DF}.Debug|x64.Build.0 = Debug|Any CPU
		{CD26DA01-1B1E-422A-B5D1-3ACA8869B8DF}.Debug|x86.ActiveCfg = Debug|Any CPU
		{CD26DA01-1B1E-422A-B5D1-3ACA8869B8DF}.Debug|x86.Build.0 = Debug|Any CPU
		{CD26DA01-1B1E-422A-B5D1-3ACA8869B8DF}.Release|Any CPU.ActiveCfg = Release|Any CPU
		{CD26DA01-1B1E-422A-B5D1-3ACA8869B8DF}.Release|Any CPU.Build.0 = Release|Any CPU
		{CD26DA01-1B1E-422A-B5D1-3ACA8869B8DF}.Release|x64.ActiveCfg = Release|Any CPU
		{CD26DA01-1B1E-422A-B5D1-3ACA8869B8DF}.Release|x64.Build.0 = Release|Any CPU
		{CD26DA01-1B1E-422A-B5D1-3ACA8869B8DF}.Release|x86.ActiveCfg = Release|Any CPU
		{CD26DA01-1B1E-422A-B5D1-3ACA8869B8DF}.Release|x86.Build.0 = Release|Any CPU
		{FE78B5AD-13B8-4C75-A95F-7BFBBCD9FC59}.Debug|Any CPU.ActiveCfg = Debug|Any CPU
		{FE78B5AD-13B8-4C75-A95F-7BFBBCD9FC59}.Debug|Any CPU.Build.0 = Debug|Any CPU
		{FE78B5AD-13B8-4C75-A95F-7BFBBCD9FC59}.Debug|x64.ActiveCfg = Debug|Any CPU
		{FE78B5AD-13B8-4C75-A95F-7BFBBCD9FC59}.Debug|x64.Build.0 = Debug|Any CPU
		{FE78B5AD-13B8-4C75-A95F-7BFBBCD9FC59}.Debug|x86.ActiveCfg = Debug|Any CPU
		{FE78B5AD-13B8-4C75-A95F-7BFBBCD9FC59}.Debug|x86.Build.0 = Debug|Any CPU
		{FE78B5AD-13B8-4C75-A95F-7BFBBCD9FC59}.Release|Any CPU.ActiveCfg = Release|Any CPU
		{FE78B5AD-13B8-4C75-A95F-7BFBBCD9FC59}.Release|Any CPU.Build.0 = Release|Any CPU
		{FE78B5AD-13B8-4C75-A95F-7BFBBCD9FC59}.Release|x64.ActiveCfg = Release|Any CPU
		{FE78B5AD-13B8-4C75-A95F-7BFBBCD9FC59}.Release|x64.Build.0 = Release|Any CPU
		{FE78B5AD-13B8-4C75-A95F-7BFBBCD9FC59}.Release|x86.ActiveCfg = Release|Any CPU
		{FE78B5AD-13B8-4C75-A95F-7BFBBCD9FC59}.Release|x86.Build.0 = Release|Any CPU
		{312BF399-EE46-4444-88FC-670063E06175}.Debug|Any CPU.ActiveCfg = Debug|Any CPU
		{312BF399-EE46-4444-88FC-670063E06175}.Debug|Any CPU.Build.0 = Debug|Any CPU
		{312BF399-EE46-4444-88FC-670063E06175}.Debug|x64.ActiveCfg = Debug|Any CPU
		{312BF399-EE46-4444-88FC-670063E06175}.Debug|x64.Build.0 = Debug|Any CPU
		{312BF399-EE46-4444-88FC-670063E06175}.Debug|x86.ActiveCfg = Debug|Any CPU
		{312BF399-EE46-4444-88FC-670063E06175}.Debug|x86.Build.0 = Debug|Any CPU
		{312BF399-EE46-4444-88FC-670063E06175}.Release|Any CPU.ActiveCfg = Release|Any CPU
		{312BF399-EE46-4444-88FC-670063E06175}.Release|Any CPU.Build.0 = Release|Any CPU
		{312BF399-EE46-4444-88FC-670063E06175}.Release|x64.ActiveCfg = Release|Any CPU
		{312BF399-EE46-4444-88FC-670063E06175}.Release|x64.Build.0 = Release|Any CPU
		{312BF399-EE46-4444-88FC-670063E06175}.Release|x86.ActiveCfg = Release|Any CPU
		{312BF399-EE46-4444-88FC-670063E06175}.Release|x86.Build.0 = Release|Any CPU
		{3D0B88D0-C415-4346-BD44-39B1AEEA062D}.Debug|Any CPU.ActiveCfg = Debug|Any CPU
		{3D0B88D0-C415-4346-BD44-39B1AEEA062D}.Debug|Any CPU.Build.0 = Debug|Any CPU
		{3D0B88D0-C415-4346-BD44-39B1AEEA062D}.Debug|x64.ActiveCfg = Debug|Any CPU
		{3D0B88D0-C415-4346-BD44-39B1AEEA062D}.Debug|x64.Build.0 = Debug|Any CPU
		{3D0B88D0-C415-4346-BD44-39B1AEEA062D}.Debug|x86.ActiveCfg = Debug|Any CPU
		{3D0B88D0-C415-4346-BD44-39B1AEEA062D}.Debug|x86.Build.0 = Debug|Any CPU
		{3D0B88D0-C415-4346-BD44-39B1AEEA062D}.Release|Any CPU.ActiveCfg = Release|Any CPU
		{3D0B88D0-C415-4346-BD44-39B1AEEA062D}.Release|Any CPU.Build.0 = Release|Any CPU
		{3D0B88D0-C415-4346-BD44-39B1AEEA062D}.Release|x64.ActiveCfg = Release|Any CPU
		{3D0B88D0-C415-4346-BD44-39B1AEEA062D}.Release|x64.Build.0 = Release|Any CPU
		{3D0B88D0-C415-4346-BD44-39B1AEEA062D}.Release|x86.ActiveCfg = Release|Any CPU
		{3D0B88D0-C415-4346-BD44-39B1AEEA062D}.Release|x86.Build.0 = Release|Any CPU
	EndGlobalSection
EndGlobal
