
Microsoft Visual Studio Solution File, Format Version 12.00
# Visual Studio Version 16
VisualStudioVersion = 16.6.30114.105
MinimumVisualStudioVersion = 10.0.40219.1
Project("{FAE04EC0-301F-11D3-BF4B-00C04F79EFBC}") = "Howler.Services", "Howler.Services\Howler.Services.csproj", "{11A0E505-423A-44B6-BA2A-F6362908C8A3}"
EndProject
Project("{FAE04EC0-301F-11D3-BF4B-00C04F79EFBC}") = "Howler.WebsocketTest", "Howler.WebsocketTest\Howler.WebsocketTest.csproj", "{A1B62872-5CD6-4B5C-96B3-0E526E00DA3F}"
EndProject
Project("{FAE04EC0-301F-11D3-BF4B-00C04F79EFBC}") = "Howler.Database", "Howler.Database\Howler.Database.csproj", "{39A80063-5507-432F-B2FD-D5AFA83E5A20}"
EndProject
Project("{FAE04EC0-301F-11D3-BF4B-00C04F79EFBC}") = "Howler.Services.Tests", "Howler.Services.Tests\Howler.Services.Tests.csproj", "{06F8D806-AF7B-4014-8519-51E39EA7CF57}"
EndProject
Global
	GlobalSection(SolutionConfigurationPlatforms) = preSolution
		Debug|Any CPU = Debug|Any CPU
		Debug|x64 = Debug|x64
		Debug|x86 = Debug|x86
		Release|Any CPU = Release|Any CPU
		Release|x64 = Release|x64
		Release|x86 = Release|x86
	EndGlobalSection
	GlobalSection(SolutionProperties) = preSolution
		HideSolutionNode = FALSE
	EndGlobalSection
	GlobalSection(ProjectConfigurationPlatforms) = postSolution
		{11A0E505-423A-44B6-BA2A-F6362908C8A3}.Debug|Any CPU.ActiveCfg = Debug|Any CPU
		{11A0E505-423A-44B6-BA2A-F6362908C8A3}.Debug|Any CPU.Build.0 = Debug|Any CPU
		{11A0E505-423A-44B6-BA2A-F6362908C8A3}.Debug|x64.ActiveCfg = Debug|Any CPU
		{11A0E505-423A-44B6-BA2A-F6362908C8A3}.Debug|x64.Build.0 = Debug|Any CPU
		{11A0E505-423A-44B6-BA2A-F6362908C8A3}.Debug|x86.ActiveCfg = Debug|Any CPU
		{11A0E505-423A-44B6-BA2A-F6362908C8A3}.Debug|x86.Build.0 = Debug|Any CPU
		{11A0E505-423A-44B6-BA2A-F6362908C8A3}.Release|Any CPU.ActiveCfg = Release|Any CPU
		{11A0E505-423A-44B6-BA2A-F6362908C8A3}.Release|Any CPU.Build.0 = Release|Any CPU
		{11A0E505-423A-44B6-BA2A-F6362908C8A3}.Release|x64.ActiveCfg = Release|Any CPU
		{11A0E505-423A-44B6-BA2A-F6362908C8A3}.Release|x64.Build.0 = Release|Any CPU
		{11A0E505-423A-44B6-BA2A-F6362908C8A3}.Release|x86.ActiveCfg = Release|Any CPU
		{11A0E505-423A-44B6-BA2A-F6362908C8A3}.Release|x86.Build.0 = Release|Any CPU
		{A1B62872-5CD6-4B5C-96B3-0E526E00DA3F}.Debug|Any CPU.ActiveCfg = Debug|Any CPU
		{A1B62872-5CD6-4B5C-96B3-0E526E00DA3F}.Debug|Any CPU.Build.0 = Debug|Any CPU
		{A1B62872-5CD6-4B5C-96B3-0E526E00DA3F}.Debug|x64.ActiveCfg = Debug|Any CPU
		{A1B62872-5CD6-4B5C-96B3-0E526E00DA3F}.Debug|x64.Build.0 = Debug|Any CPU
		{A1B62872-5CD6-4B5C-96B3-0E526E00DA3F}.Debug|x86.ActiveCfg = Debug|Any CPU
		{A1B62872-5CD6-4B5C-96B3-0E526E00DA3F}.Debug|x86.Build.0 = Debug|Any CPU
		{A1B62872-5CD6-4B5C-96B3-0E526E00DA3F}.Release|Any CPU.ActiveCfg = Release|Any CPU
		{A1B62872-5CD6-4B5C-96B3-0E526E00DA3F}.Release|Any CPU.Build.0 = Release|Any CPU
		{A1B62872-5CD6-4B5C-96B3-0E526E00DA3F}.Release|x64.ActiveCfg = Release|Any CPU
		{A1B62872-5CD6-4B5C-96B3-0E526E00DA3F}.Release|x64.Build.0 = Release|Any CPU
		{A1B62872-5CD6-4B5C-96B3-0E526E00DA3F}.Release|x86.ActiveCfg = Release|Any CPU
		{A1B62872-5CD6-4B5C-96B3-0E526E00DA3F}.Release|x86.Build.0 = Release|Any CPU
		{39A80063-5507-432F-B2FD-D5AFA83E5A20}.Debug|Any CPU.ActiveCfg = Debug|Any CPU
		{39A80063-5507-432F-B2FD-D5AFA83E5A20}.Debug|Any CPU.Build.0 = Debug|Any CPU
		{39A80063-5507-432F-B2FD-D5AFA83E5A20}.Debug|x64.ActiveCfg = Debug|Any CPU
		{39A80063-5507-432F-B2FD-D5AFA83E5A20}.Debug|x64.Build.0 = Debug|Any CPU
		{39A80063-5507-432F-B2FD-D5AFA83E5A20}.Debug|x86.ActiveCfg = Debug|Any CPU
		{39A80063-5507-432F-B2FD-D5AFA83E5A20}.Debug|x86.Build.0 = Debug|Any CPU
		{39A80063-5507-432F-B2FD-D5AFA83E5A20}.Release|Any CPU.ActiveCfg = Release|Any CPU
		{39A80063-5507-432F-B2FD-D5AFA83E5A20}.Release|Any CPU.Build.0 = Release|Any CPU
		{39A80063-5507-432F-B2FD-D5AFA83E5A20}.Release|x64.ActiveCfg = Release|Any CPU
		{39A80063-5507-432F-B2FD-D5AFA83E5A20}.Release|x64.Build.0 = Release|Any CPU
		{39A80063-5507-432F-B2FD-D5AFA83E5A20}.Release|x86.ActiveCfg = Release|Any CPU
		{39A80063-5507-432F-B2FD-D5AFA83E5A20}.Release|x86.Build.0 = Release|Any CPU
		{06F8D806-AF7B-4014-8519-51E39EA7CF57}.Debug|Any CPU.ActiveCfg = Debug|Any CPU
		{06F8D806-AF7B-4014-8519-51E39EA7CF57}.Debug|Any CPU.Build.0 = Debug|Any CPU
		{06F8D806-AF7B-4014-8519-51E39EA7CF57}.Debug|x64.ActiveCfg = Debug|Any CPU
		{06F8D806-AF7B-4014-8519-51E39EA7CF57}.Debug|x64.Build.0 = Debug|Any CPU
		{06F8D806-AF7B-4014-8519-51E39EA7CF57}.Debug|x86.ActiveCfg = Debug|Any CPU
		{06F8D806-AF7B-4014-8519-51E39EA7CF57}.Debug|x86.Build.0 = Debug|Any CPU
		{06F8D806-AF7B-4014-8519-51E39EA7CF57}.Release|Any CPU.ActiveCfg = Release|Any CPU
		{06F8D806-AF7B-4014-8519-51E39EA7CF57}.Release|Any CPU.Build.0 = Release|Any CPU
		{06F8D806-AF7B-4014-8519-51E39EA7CF57}.Release|x64.ActiveCfg = Release|Any CPU
		{06F8D806-AF7B-4014-8519-51E39EA7CF57}.Release|x64.Build.0 = Release|Any CPU
		{06F8D806-AF7B-4014-8519-51E39EA7CF57}.Release|x86.ActiveCfg = Release|Any CPU
		{06F8D806-AF7B-4014-8519-51E39EA7CF57}.Release|x86.Build.0 = Release|Any CPU
	EndGlobalSection
EndGlobal
